{
    "name": "llm-data-source-delete",
    "version": "1.0.0",
    "lockfileVersion": 3,
    "requires": true,
    "packages": {
        "": {
            "name": "llm-data-source-delete",
            "version": "1.0.0",
            "license": "ISC",
            "dependencies": {
                "@shared-modules/f2-clients": "file:../_shared-modules/clients",
                "@shared-modules/f2-db-api": "file:../_shared-modules/db-api",
                "@shared-modules/f2-middlewares": "file:../_shared-modules/middlewares"
            }
        },
        "../_shared-modules/clients": {
            "name": "@shared-modules/f2-clients",
            "version": "1.0.0",
            "license": "ISC"
        },
        "../_shared-modules/db-api": {
            "name": "@shared-modules/f2-db-api",
            "version": "1.0.0",
            "license": "ISC"
        },
        "../_shared-modules/middlewares": {
            "name": "@shared-modules/f2-middlewares",
            "version": "1.0.0",
            "license": "ISC"
        },
        "node_modules/@shared-modules/f2-clients": {
            "resolved": "../_shared-modules/clients",
            "link": true
        },
        "node_modules/@shared-modules/f2-db-api": {
            "resolved": "../_shared-modules/db-api",
            "link": true
        },
        "node_modules/@shared-modules/f2-middlewares": {
            "resolved": "../_shared-modules/middlewares",
            "link": true
        }
    }
}
