{
    "name": "f2ce-websocket-pruner-cron",
    "version": "1.0.0",
    "lockfileVersion": 3,
    "requires": true,
    "packages": {
        "": {
            "name": "f2ce-websocket-pruner-cron",
            "version": "1.0.0",
            "license": "ISC",
            "dependencies": {
                "@shared-modules/f2-db-api": "file:../_shared-modules/db-api"
            }
        },
        "../_shared-modules/db-api": {
            "name": "@shared-modules/f2-db-api",
            "version": "1.0.0",
            "license": "ISC"
        },
        "node_modules/@shared-modules/f2-db-api": {
            "resolved": "../_shared-modules/db-api",
            "link": true
        }
    }
}
