{
  "name": "llm-data-structure-model-list-get",
  "version": "1.0.0",
  "lockfileVersion": 3,
  "requires": true,
  "packages": {
    "": {
      "name": "llm-data-structure-model-list-get",
      "version": "1.0.0",
      "license": "ISC",
      "dependencies": {
        "@shared-modules/f2-middlewares": "file:../_shared-modules/middlewares"
      }
    },
    "../_shared-modules/middlewares": {
      "name": "@shared-modules/f2-middlewares",
      "version": "1.0.0",
      "license": "ISC"
    },
    "node_modules/@shared-modules/f2-middlewares": {
      "resolved": "../_shared-modules/middlewares",
      "link": true
    }
  }
}
