{
  "name": "f2ce-aws-connect-stream-listener",
  "version": "1.0.0",
  "lockfileVersion": 3,
  "requires": true,
  "packages": {
    "": {
      "name": "f2ce-aws-connect-stream-listener",
      "version": "1.0.0",
      "license": "ISC",
      "dependencies": {
        "@shared-modules/f2-db-api": "file:../_shared-modules/db-api",
        "@shared-modules/f2-middlewares": "file:../_shared-modules/middlewares",
        "@shared-modules/f2-utils": "file:../_shared-modules/utils"
      }
    },
    "../_shared-modules/db-api": {
      "name": "@shared-modules/f2-db-api",
      "version": "1.0.0",
      "license": "ISC"
    },
    "../_shared-modules/middlewares": {
      "name": "@shared-modules/f2-middlewares",
      "version": "1.0.0",
      "license": "ISC"
    },
    "../_shared-modules/utils": {
      "name": "@shared-modules/f2-utils",
      "version": "1.0.0",
      "license": "ISC"
    },
    "node_modules/@shared-modules/f2-db-api": {
      "resolved": "../_shared-modules/db-api",
      "link": true
    },
    "node_modules/@shared-modules/f2-middlewares": {
      "resolved": "../_shared-modules/middlewares",
      "link": true
    },
    "node_modules/@shared-modules/f2-utils": {
      "resolved": "../_shared-modules/utils",
      "link": true
    }
  }
}
